
Microsoft Visual Studio Solution File, Format Version 12.00
# Visual Studio 2012
Project("{FAE04EC0-301F-11D3-BF4B-00C04F79EFBC}") = "vsmac03", "vsmac03\vsmac03.csproj", "{AC93D34C-112E-4E70-A86F-A4DA610B7230}"
EndProject
Global
	GlobalSection(SolutionConfigurationPlatforms) = preSolution
		Debug|Any CPU = Debug|Any CPU
		Release|Any CPU = Release|Any CPU
	EndGlobalSection
	GlobalSection(ProjectConfigurationPlatforms) = postSolution
		{AC93D34C-112E-4E70-A86F-A4DA610B7230}.Debug|Any CPU.ActiveCfg = Debug|Any CPU
		{AC93D34C-112E-4E70-A86F-A4DA610B7230}.Debug|Any CPU.Build.0 = Debug|Any CPU
		{AC93D34C-112E-4E70-A86F-A4DA610B7230}.Release|Any CPU.ActiveCfg = Release|Any CPU
		{AC93D34C-112E-4E70-A86F-A4DA610B7230}.Release|Any CPU.Build.0 = Release|Any CPU
	EndGlobalSection
EndGlobal
